
Microsoft Visual Studio Solution File, Format Version 12.00
# Visual Studio Version 17
VisualStudioVersion = 17.4.33122.133
MinimumVisualStudioVersion = 10.0.40219.1
Project("{FAE04EC0-301F-11D3-BF4B-00C04F79EFBC}") = "archivosExcel", "archivosExcel\archivosExcel.csproj", "{F4F86475-50DE-43F9-996A-20116E5B2BB3}"
EndProject
Global
	GlobalSection(SolutionConfigurationPlatforms) = preSolution
		Debug|Any CPU = Debug|Any CPU
		Release|Any CPU = Release|Any CPU
	EndGlobalSection
	GlobalSection(ProjectConfigurationPlatforms) = postSolution
		{F4F86475-50DE-43F9-996A-20116E5B2BB3}.Debug|Any CPU.ActiveCfg = Debug|Any CPU
		{F4F86475-50DE-43F9-996A-20116E5B2BB3}.Debug|Any CPU.Build.0 = Debug|Any CPU
		{F4F86475-50DE-43F9-996A-20116E5B2BB3}.Release|Any CPU.ActiveCfg = Release|Any CPU
		{F4F86475-50DE-43F9-996A-20116E5B2BB3}.Release|Any CPU.Build.0 = Release|Any CPU
	EndGlobalSection
	GlobalSection(SolutionProperties) = preSolution
		HideSolutionNode = FALSE
	EndGlobalSection
	GlobalSection(ExtensibilityGlobals) = postSolution
		SolutionGuid = {6D0CFDAE-F0A9-4F2C-9B1C-E2729712EC02}
	EndGlobalSection
EndGlobal
